
Microsoft Visual Studio Solution File, Format Version 12.00
# Visual Studio Version 17
VisualStudioVersion = 17.2.32630.192
MinimumVisualStudioVersion = 10.0.40219.1
Project("{FAE04EC0-301F-11D3-BF4B-00C04F79EFBC}") = "ExchangeOffice", "ExchangeOffice.csproj", "{586DCF48-D76D-41F3-B30A-F6255B41C588}"
EndProject
Global
	GlobalSection(SolutionConfigurationPlatforms) = preSolution
		Debug|Any CPU = Debug|Any CPU
		Release|Any CPU = Release|Any CPU
	EndGlobalSection
	GlobalSection(ProjectConfigurationPlatforms) = postSolution
		{586DCF48-D76D-41F3-B30A-F6255B41C588}.Debug|Any CPU.ActiveCfg = Debug|Any CPU
		{586DCF48-D76D-41F3-B30A-F6255B41C588}.Debug|Any CPU.Build.0 = Debug|Any CPU
		{586DCF48-D76D-41F3-B30A-F6255B41C588}.Release|Any CPU.ActiveCfg = Release|Any CPU
		{586DCF48-D76D-41F3-B30A-F6255B41C588}.Release|Any CPU.Build.0 = Release|Any CPU
	EndGlobalSection
	GlobalSection(SolutionProperties) = preSolution
		HideSolutionNode = FALSE
	EndGlobalSection
	GlobalSection(ExtensibilityGlobals) = postSolution
		SolutionGuid = {F45279F8-A495-4E97-B550-716CD107C686}
	EndGlobalSection
EndGlobal
